
Microsoft Visual Studio Solution File, Format Version 12.00
# Visual Studio 14
VisualStudioVersion = 14.0.25420.1
MinimumVisualStudioVersion = 10.0.40219.1
Project("{FAE04EC0-301F-11D3-BF4B-00C04F79EFBC}") = "TickerBusinessLogic", "TickerBusinessLogic\TickerBusinessLogic.csproj", "{AFEC1184-8A8C-4809-A1E2-B13723FCF420}"
EndProject
Project("{FAE04EC0-301F-11D3-BF4B-00C04F79EFBC}") = "TickerApp", "TickerApp\TickerApp.csproj", "{510E0709-F014-441F-9DEF-BD5685C463E6}"
EndProject
Project("{FAE04EC0-301F-11D3-BF4B-00C04F79EFBC}") = "Test", "Test\Test.csproj", "{41AA68ED-F892-4F33-91C6-0B73B3FA96E8}"
EndProject
Global
	GlobalSection(SolutionConfigurationPlatforms) = preSolution
		Debug|Any CPU = Debug|Any CPU
		Release|Any CPU = Release|Any CPU
	EndGlobalSection
	GlobalSection(ProjectConfigurationPlatforms) = postSolution
		{AFEC1184-8A8C-4809-A1E2-B13723FCF420}.Debug|Any CPU.ActiveCfg = Debug|Any CPU
		{AFEC1184-8A8C-4809-A1E2-B13723FCF420}.Debug|Any CPU.Build.0 = Debug|Any CPU
		{AFEC1184-8A8C-4809-A1E2-B13723FCF420}.Release|Any CPU.ActiveCfg = Release|Any CPU
		{AFEC1184-8A8C-4809-A1E2-B13723FCF420}.Release|Any CPU.Build.0 = Release|Any CPU
		{510E0709-F014-441F-9DEF-BD5685C463E6}.Debug|Any CPU.ActiveCfg = Debug|Any CPU
		{510E0709-F014-441F-9DEF-BD5685C463E6}.Debug|Any CPU.Build.0 = Debug|Any CPU
		{510E0709-F014-441F-9DEF-BD5685C463E6}.Release|Any CPU.ActiveCfg = Release|Any CPU
		{510E0709-F014-441F-9DEF-BD5685C463E6}.Release|Any CPU.Build.0 = Release|Any CPU
		{41AA68ED-F892-4F33-91C6-0B73B3FA96E8}.Debug|Any CPU.ActiveCfg = Debug|Any CPU
		{41AA68ED-F892-4F33-91C6-0B73B3FA96E8}.Debug|Any CPU.Build.0 = Debug|Any CPU
		{41AA68ED-F892-4F33-91C6-0B73B3FA96E8}.Release|Any CPU.ActiveCfg = Release|Any CPU
		{41AA68ED-F892-4F33-91C6-0B73B3FA96E8}.Release|Any CPU.Build.0 = Release|Any CPU
	EndGlobalSection
	GlobalSection(SolutionProperties) = preSolution
		HideSolutionNode = FALSE
	EndGlobalSection
EndGlobal
